
Microsoft Visual Studio Solution File, Format Version 12.00
# Visual Studio 15
VisualStudioVersion = 15.0.27703.2042
MinimumVisualStudioVersion = 10.0.40219.1
Project("{FAE04EC0-301F-11D3-BF4B-00C04F79EFBC}") = "CSharp5", "CSharp5\CSharp5.csproj", "{3B5557FE-8F67-4ADA-943F-DBCA8A896B82}"
EndProject
Global
	GlobalSection(SolutionConfigurationPlatforms) = preSolution
		Debug|Any CPU = Debug|Any CPU
		Release|Any CPU = Release|Any CPU
	EndGlobalSection
	GlobalSection(ProjectConfigurationPlatforms) = postSolution
		{3B5557FE-8F67-4ADA-943F-DBCA8A896B82}.Debug|Any CPU.ActiveCfg = Debug|Any CPU
		{3B5557FE-8F67-4ADA-943F-DBCA8A896B82}.Debug|Any CPU.Build.0 = Debug|Any CPU
		{3B5557FE-8F67-4ADA-943F-DBCA8A896B82}.Release|Any CPU.ActiveCfg = Release|Any CPU
		{3B5557FE-8F67-4ADA-943F-DBCA8A896B82}.Release|Any CPU.Build.0 = Release|Any CPU
	EndGlobalSection
	GlobalSection(SolutionProperties) = preSolution
		HideSolutionNode = FALSE
	EndGlobalSection
	GlobalSection(ExtensibilityGlobals) = postSolution
		SolutionGuid = {47030E11-D7A6-4020-9964-52F0E57AFCF9}
	EndGlobalSection
EndGlobal
