
Microsoft Visual Studio Solution File, Format Version 12.00
# Visual Studio 15
VisualStudioVersion = 15.0.27703.2042
MinimumVisualStudioVersion = 10.0.40219.1
Project("{FAE04EC0-301F-11D3-BF4B-00C04F79EFBC}") = "CSharp18", "CSharp18\CSharp18.csproj", "{B6CDA9CB-14EF-4EF8-81A7-B8CA574F35CF}"
EndProject
Global
	GlobalSection(SolutionConfigurationPlatforms) = preSolution
		Debug|Any CPU = Debug|Any CPU
		Release|Any CPU = Release|Any CPU
	EndGlobalSection
	GlobalSection(ProjectConfigurationPlatforms) = postSolution
		{B6CDA9CB-14EF-4EF8-81A7-B8CA574F35CF}.Debug|Any CPU.ActiveCfg = Debug|Any CPU
		{B6CDA9CB-14EF-4EF8-81A7-B8CA574F35CF}.Debug|Any CPU.Build.0 = Debug|Any CPU
		{B6CDA9CB-14EF-4EF8-81A7-B8CA574F35CF}.Release|Any CPU.ActiveCfg = Release|Any CPU
		{B6CDA9CB-14EF-4EF8-81A7-B8CA574F35CF}.Release|Any CPU.Build.0 = Release|Any CPU
	EndGlobalSection
	GlobalSection(SolutionProperties) = preSolution
		HideSolutionNode = FALSE
	EndGlobalSection
	GlobalSection(ExtensibilityGlobals) = postSolution
		SolutionGuid = {8499CD0E-83D9-49CC-ADDB-F175D57699DB}
	EndGlobalSection
EndGlobal
