
Microsoft Visual Studio Solution File, Format Version 12.00
# Visual Studio 15
VisualStudioVersion = 15.0.27703.2042
MinimumVisualStudioVersion = 10.0.40219.1
Project("{FAE04EC0-301F-11D3-BF4B-00C04F79EFBC}") = "CSharp8", "CSharp8\CSharp8.csproj", "{D53194CD-212C-4EC0-996C-489D86DDBE84}"
EndProject
Global
	GlobalSection(SolutionConfigurationPlatforms) = preSolution
		Debug|Any CPU = Debug|Any CPU
		Release|Any CPU = Release|Any CPU
	EndGlobalSection
	GlobalSection(ProjectConfigurationPlatforms) = postSolution
		{D53194CD-212C-4EC0-996C-489D86DDBE84}.Debug|Any CPU.ActiveCfg = Debug|Any CPU
		{D53194CD-212C-4EC0-996C-489D86DDBE84}.Debug|Any CPU.Build.0 = Debug|Any CPU
		{D53194CD-212C-4EC0-996C-489D86DDBE84}.Release|Any CPU.ActiveCfg = Release|Any CPU
		{D53194CD-212C-4EC0-996C-489D86DDBE84}.Release|Any CPU.Build.0 = Release|Any CPU
	EndGlobalSection
	GlobalSection(SolutionProperties) = preSolution
		HideSolutionNode = FALSE
	EndGlobalSection
	GlobalSection(ExtensibilityGlobals) = postSolution
		SolutionGuid = {CE650214-56F2-4F69-8CBB-C102CAD2550C}
	EndGlobalSection
EndGlobal
